
Microsoft Visual Studio Solution File, Format Version 12.00
# Visual Studio 2013
VisualStudioVersion = 12.0.40629.0
MinimumVisualStudioVersion = 10.0.40219.1
Project("{FAE04EC0-301F-11D3-BF4B-00C04F79EFBC}") = "ServicioNotificacion", "ServicioNotificacion\ServicioNotificacion.csproj", "{FEBED4ED-3C0C-4013-BA74-7DA05FDE21F2}"
EndProject
Project("{2150E333-8FDC-42A3-9474-1A3956D46DE8}") = "Servicio", "Servicio", "{729A39F1-4C4B-49E4-A988-AE1508673A4D}"
EndProject
Project("{2150E333-8FDC-42A3-9474-1A3956D46DE8}") = "BL", "BL", "{B0BB61CA-CA33-4F98-B97D-2EF9F4F2449F}"
EndProject
Project("{2150E333-8FDC-42A3-9474-1A3956D46DE8}") = "DAL", "DAL", "{E8AE5858-AC04-4B9C-B8E0-CAA5D36D11BC}"
EndProject
Project("{2150E333-8FDC-42A3-9474-1A3956D46DE8}") = "Entidades", "Entidades", "{B1DD3D98-952F-4AE3-9400-D5DC966149A9}"
EndProject
Project("{FAE04EC0-301F-11D3-BF4B-00C04F79EFBC}") = "Entidades", "Entidades\Entidades.csproj", "{672BAEE9-2752-4BA1-99AF-928C6D46C908}"
EndProject
Project("{FAE04EC0-301F-11D3-BF4B-00C04F79EFBC}") = "DAL", "DAL\DAL.csproj", "{526C1C60-EE1F-499A-B713-673018613BD8}"
EndProject
Project("{FAE04EC0-301F-11D3-BF4B-00C04F79EFBC}") = "BL", "BL\BL.csproj", "{6E2F074C-F32C-4DF2-9643-41EA99C650B6}"
EndProject
Global
	GlobalSection(SolutionConfigurationPlatforms) = preSolution
		Debug|Any CPU = Debug|Any CPU
		Release|Any CPU = Release|Any CPU
	EndGlobalSection
	GlobalSection(ProjectConfigurationPlatforms) = postSolution
		{FEBED4ED-3C0C-4013-BA74-7DA05FDE21F2}.Debug|Any CPU.ActiveCfg = Debug|Any CPU
		{FEBED4ED-3C0C-4013-BA74-7DA05FDE21F2}.Debug|Any CPU.Build.0 = Debug|Any CPU
		{FEBED4ED-3C0C-4013-BA74-7DA05FDE21F2}.Release|Any CPU.ActiveCfg = Release|Any CPU
		{FEBED4ED-3C0C-4013-BA74-7DA05FDE21F2}.Release|Any CPU.Build.0 = Release|Any CPU
		{672BAEE9-2752-4BA1-99AF-928C6D46C908}.Debug|Any CPU.ActiveCfg = Debug|Any CPU
		{672BAEE9-2752-4BA1-99AF-928C6D46C908}.Debug|Any CPU.Build.0 = Debug|Any CPU
		{672BAEE9-2752-4BA1-99AF-928C6D46C908}.Release|Any CPU.ActiveCfg = Release|Any CPU
		{672BAEE9-2752-4BA1-99AF-928C6D46C908}.Release|Any CPU.Build.0 = Release|Any CPU
		{526C1C60-EE1F-499A-B713-673018613BD8}.Debug|Any CPU.ActiveCfg = Debug|Any CPU
		{526C1C60-EE1F-499A-B713-673018613BD8}.Debug|Any CPU.Build.0 = Debug|Any CPU
		{526C1C60-EE1F-499A-B713-673018613BD8}.Release|Any CPU.ActiveCfg = Release|Any CPU
		{526C1C60-EE1F-499A-B713-673018613BD8}.Release|Any CPU.Build.0 = Release|Any CPU
		{6E2F074C-F32C-4DF2-9643-41EA99C650B6}.Debug|Any CPU.ActiveCfg = Debug|Any CPU
		{6E2F074C-F32C-4DF2-9643-41EA99C650B6}.Debug|Any CPU.Build.0 = Debug|Any CPU
		{6E2F074C-F32C-4DF2-9643-41EA99C650B6}.Release|Any CPU.ActiveCfg = Release|Any CPU
		{6E2F074C-F32C-4DF2-9643-41EA99C650B6}.Release|Any CPU.Build.0 = Release|Any CPU
	EndGlobalSection
	GlobalSection(SolutionProperties) = preSolution
		HideSolutionNode = FALSE
	EndGlobalSection
	GlobalSection(NestedProjects) = preSolution
		{FEBED4ED-3C0C-4013-BA74-7DA05FDE21F2} = {729A39F1-4C4B-49E4-A988-AE1508673A4D}
		{672BAEE9-2752-4BA1-99AF-928C6D46C908} = {B1DD3D98-952F-4AE3-9400-D5DC966149A9}
		{526C1C60-EE1F-499A-B713-673018613BD8} = {E8AE5858-AC04-4B9C-B8E0-CAA5D36D11BC}
		{6E2F074C-F32C-4DF2-9643-41EA99C650B6} = {B0BB61CA-CA33-4F98-B97D-2EF9F4F2449F}
	EndGlobalSection
EndGlobal
